{
  "lockfile_version": "1",
  "packages": {
    "github:NixOS/nixpkgs/nixpkgs-unstable": {
      "last_modified": "2026-08-19T20:44:59Z",
      "resolved": "github:NixOS/nixpkgs/07e1d92cdc0ed416cfa11ff3ca40d17e61cfba7a?lastModified=1787172299&narHash=sha256-PShzS87awOlE5XWkxUGBd%2F58%2FF%2BAtE2ZMgFffKj4r8s%3D"
    },
    "nodejs@22": {
      "last_modified": "2026-08-12T11:28:58Z",
      "plugin_version": "0.0.4",
      "resolved": "github:NixOS/nixpkgs/044bfe75bfe4c7bbe043dc17b5e42ea823b84a09#nodejs_22",
      "source": "devbox-search",
      "version": "22.23.2",
      "systems": {
        "aarch64-darwin": {
          "outputs": [
            {
              "name": "out",
              "path": "/nix/store/ns9a9c245s35mxq4arv4pyf3jvb2dh0i-nodejs-22.23.2",
              "default": true
            }
          ],
          "store_path": "/nix/store/ns9a9c245s35mxq4arv4pyf3jvb2dh0i-nodejs-22.23.2"
        },
        "aarch64-linux": {
          "outputs": [
            {
              "name": "out",
              "path": "/nix/store/3xbw25h18j51wl7xd28ini307d07wfrh-nodejs-22.23.2",
              "default": true
            }
          ],
          "store_path": "/nix/store/3xbw25h18j51wl7xd28ini307d07wfrh-nodejs-22.23.2"
        },
        "x86_64-linux": {
          "outputs": [
            {
              "name": "out",
              "path": "/nix/store/hyw97nxddgxfc6ag6db87rnawss2pw1a-nodejs-22.23.2",
              "default": true
            }
          ],
          "store_path": "/nix/store/hyw97nxddgxfc6ag6db87rnawss2pw1a-nodejs-22.23.2"
        }
      }
    }
  }
}
